
Microsoft Visual Studio Solution File, Format Version 12.00
# Visual Studio Version 17
VisualStudioVersion = 17.11.35327.3
MinimumVisualStudioVersion = 10.0.40219.1
Project("{FAE04EC0-301F-11D3-BF4B-00C04F79EFBC}") = "ScheduleReminderUsingTelegramBot", "ScheduleReminderUsingTelegramBot\ScheduleReminderUsingTelegramBot.csproj", "{64C71195-9460-48DA-AF25-D3D8CA92AF44}"
EndProject
Global
	GlobalSection(SolutionConfigurationPlatforms) = preSolution
		Debug|Any CPU = Debug|Any CPU
		Release|Any CPU = Release|Any CPU
	EndGlobalSection
	GlobalSection(ProjectConfigurationPlatforms) = postSolution
		{64C71195-9460-48DA-AF25-D3D8CA92AF44}.Debug|Any CPU.ActiveCfg = Debug|Any CPU
		{64C71195-9460-48DA-AF25-D3D8CA92AF44}.Debug|Any CPU.Build.0 = Debug|Any CPU
		{64C71195-9460-48DA-AF25-D3D8CA92AF44}.Release|Any CPU.ActiveCfg = Release|Any CPU
		{64C71195-9460-48DA-AF25-D3D8CA92AF44}.Release|Any CPU.Build.0 = Release|Any CPU
	EndGlobalSection
	GlobalSection(SolutionProperties) = preSolution
		HideSolutionNode = FALSE
	EndGlobalSection
	GlobalSection(ExtensibilityGlobals) = postSolution
		SolutionGuid = {37880E58-762C-43CE-AD57-175E6F997441}
	EndGlobalSection
EndGlobal
